
Microsoft Visual Studio Solution File, Format Version 12.00
# Visual Studio Version 17
VisualStudioVersion = 17.0.31903.59
MinimumVisualStudioVersion = 10.0.40219.1
Project("{FAE04EC0-301F-11D3-BF4B-00C04F79EFBC}") = "RedmineCLI", "RedmineCLI\RedmineCLI.csproj", "{3FCC5F19-D782-4B82-A897-68EA88537D07}"
EndProject
Project("{FAE04EC0-301F-11D3-BF4B-00C04F79EFBC}") = "RedmineCLI.Tests", "RedmineCLI.Tests\RedmineCLI.Tests.csproj", "{C2904542-81E3-45A8-AAC9-61094FF7A7B5}"
EndProject
Project("{FAE04EC0-301F-11D3-BF4B-00C04F79EFBC}") = "RedmineCLI.Common", "RedmineCLI.Common\RedmineCLI.Common.csproj", "{DE13EF71-AFC6-4300-820B-C179154B567B}"
EndProject
Project("{FAE04EC0-301F-11D3-BF4B-00C04F79EFBC}") = "RedmineCLI.Common.Tests", "RedmineCLI.Common.Tests\RedmineCLI.Common.Tests.csproj", "{6ABD987E-C2FF-4E11-8787-2D056B0F8323}"
EndProject
Project("{FAE04EC0-301F-11D3-BF4B-00C04F79EFBC}") = "RedmineCLI.Extension.Board", "RedmineCLI.Extension.Board\RedmineCLI.Extension.Board.csproj", "{195E7420-951D-4C7C-9416-096772916776}"
EndProject
Global
	GlobalSection(SolutionConfigurationPlatforms) = preSolution
		Debug|Any CPU = Debug|Any CPU
		Debug|x64 = Debug|x64
		Debug|x86 = Debug|x86
		Release|Any CPU = Release|Any CPU
		Release|x64 = Release|x64
		Release|x86 = Release|x86
	EndGlobalSection
	GlobalSection(ProjectConfigurationPlatforms) = postSolution
		{3FCC5F19-D782-4B82-A897-68EA88537D07}.Debug|Any CPU.ActiveCfg = Debug|Any CPU
		{3FCC5F19-D782-4B82-A897-68EA88537D07}.Debug|Any CPU.Build.0 = Debug|Any CPU
		{3FCC5F19-D782-4B82-A897-68EA88537D07}.Debug|x64.ActiveCfg = Debug|Any CPU
		{3FCC5F19-D782-4B82-A897-68EA88537D07}.Debug|x64.Build.0 = Debug|Any CPU
		{3FCC5F19-D782-4B82-A897-68EA88537D07}.Debug|x86.ActiveCfg = Debug|Any CPU
		{3FCC5F19-D782-4B82-A897-68EA88537D07}.Debug|x86.Build.0 = Debug|Any CPU
		{3FCC5F19-D782-4B82-A897-68EA88537D07}.Release|Any CPU.ActiveCfg = Release|Any CPU
		{3FCC5F19-D782-4B82-A897-68EA88537D07}.Release|Any CPU.Build.0 = Release|Any CPU
		{3FCC5F19-D782-4B82-A897-68EA88537D07}.Release|x64.ActiveCfg = Release|Any CPU
		{3FCC5F19-D782-4B82-A897-68EA88537D07}.Release|x64.Build.0 = Release|Any CPU
		{3FCC5F19-D782-4B82-A897-68EA88537D07}.Release|x86.ActiveCfg = Release|Any CPU
		{3FCC5F19-D782-4B82-A897-68EA88537D07}.Release|x86.Build.0 = Release|Any CPU
		{C2904542-81E3-45A8-AAC9-61094FF7A7B5}.Debug|Any CPU.ActiveCfg = Debug|Any CPU
		{C2904542-81E3-45A8-AAC9-61094FF7A7B5}.Debug|Any CPU.Build.0 = Debug|Any CPU
		{C2904542-81E3-45A8-AAC9-61094FF7A7B5}.Debug|x64.ActiveCfg = Debug|Any CPU
		{C2904542-81E3-45A8-AAC9-61094FF7A7B5}.Debug|x64.Build.0 = Debug|Any CPU
		{C2904542-81E3-45A8-AAC9-61094FF7A7B5}.Debug|x86.ActiveCfg = Debug|Any CPU
		{C2904542-81E3-45A8-AAC9-61094FF7A7B5}.Debug|x86.Build.0 = Debug|Any CPU
		{C2904542-81E3-45A8-AAC9-61094FF7A7B5}.Release|Any CPU.ActiveCfg = Release|Any CPU
		{C2904542-81E3-45A8-AAC9-61094FF7A7B5}.Release|Any CPU.Build.0 = Release|Any CPU
		{C2904542-81E3-45A8-AAC9-61094FF7A7B5}.Release|x64.ActiveCfg = Release|Any CPU
		{C2904542-81E3-45A8-AAC9-61094FF7A7B5}.Release|x64.Build.0 = Release|Any CPU
		{C2904542-81E3-45A8-AAC9-61094FF7A7B5}.Release|x86.ActiveCfg = Release|Any CPU
		{C2904542-81E3-45A8-AAC9-61094FF7A7B5}.Release|x86.Build.0 = Release|Any CPU
		{DE13EF71-AFC6-4300-820B-C179154B567B}.Debug|Any CPU.ActiveCfg = Debug|Any CPU
		{DE13EF71-AFC6-4300-820B-C179154B567B}.Debug|Any CPU.Build.0 = Debug|Any CPU
		{DE13EF71-AFC6-4300-820B-C179154B567B}.Debug|x64.ActiveCfg = Debug|Any CPU
		{DE13EF71-AFC6-4300-820B-C179154B567B}.Debug|x64.Build.0 = Debug|Any CPU
		{DE13EF71-AFC6-4300-820B-C179154B567B}.Debug|x86.ActiveCfg = Debug|Any CPU
		{DE13EF71-AFC6-4300-820B-C179154B567B}.Debug|x86.Build.0 = Debug|Any CPU
		{DE13EF71-AFC6-4300-820B-C179154B567B}.Release|Any CPU.ActiveCfg = Release|Any CPU
		{DE13EF71-AFC6-4300-820B-C179154B567B}.Release|Any CPU.Build.0 = Release|Any CPU
		{DE13EF71-AFC6-4300-820B-C179154B567B}.Release|x64.ActiveCfg = Release|Any CPU
		{DE13EF71-AFC6-4300-820B-C179154B567B}.Release|x64.Build.0 = Release|Any CPU
		{DE13EF71-AFC6-4300-820B-C179154B567B}.Release|x86.ActiveCfg = Release|Any CPU
		{DE13EF71-AFC6-4300-820B-C179154B567B}.Release|x86.Build.0 = Release|Any CPU
		{6ABD987E-C2FF-4E11-8787-2D056B0F8323}.Debug|Any CPU.ActiveCfg = Debug|Any CPU
		{6ABD987E-C2FF-4E11-8787-2D056B0F8323}.Debug|Any CPU.Build.0 = Debug|Any CPU
		{6ABD987E-C2FF-4E11-8787-2D056B0F8323}.Debug|x64.ActiveCfg = Debug|Any CPU
		{6ABD987E-C2FF-4E11-8787-2D056B0F8323}.Debug|x64.Build.0 = Debug|Any CPU
		{6ABD987E-C2FF-4E11-8787-2D056B0F8323}.Debug|x86.ActiveCfg = Debug|Any CPU
		{6ABD987E-C2FF-4E11-8787-2D056B0F8323}.Debug|x86.Build.0 = Debug|Any CPU
		{6ABD987E-C2FF-4E11-8787-2D056B0F8323}.Release|Any CPU.ActiveCfg = Release|Any CPU
		{6ABD987E-C2FF-4E11-8787-2D056B0F8323}.Release|Any CPU.Build.0 = Release|Any CPU
		{6ABD987E-C2FF-4E11-8787-2D056B0F8323}.Release|x64.ActiveCfg = Release|Any CPU
		{6ABD987E-C2FF-4E11-8787-2D056B0F8323}.Release|x64.Build.0 = Release|Any CPU
		{6ABD987E-C2FF-4E11-8787-2D056B0F8323}.Release|x86.ActiveCfg = Release|Any CPU
		{6ABD987E-C2FF-4E11-8787-2D056B0F8323}.Release|x86.Build.0 = Release|Any CPU
		{195E7420-951D-4C7C-9416-096772916776}.Debug|Any CPU.ActiveCfg = Debug|Any CPU
		{195E7420-951D-4C7C-9416-096772916776}.Debug|Any CPU.Build.0 = Debug|Any CPU
		{195E7420-951D-4C7C-9416-096772916776}.Debug|x64.ActiveCfg = Debug|Any CPU
		{195E7420-951D-4C7C-9416-096772916776}.Debug|x64.Build.0 = Debug|Any CPU
		{195E7420-951D-4C7C-9416-096772916776}.Debug|x86.ActiveCfg = Debug|Any CPU
		{195E7420-951D-4C7C-9416-096772916776}.Debug|x86.Build.0 = Debug|Any CPU
		{195E7420-951D-4C7C-9416-096772916776}.Release|Any CPU.ActiveCfg = Release|Any CPU
		{195E7420-951D-4C7C-9416-096772916776}.Release|Any CPU.Build.0 = Release|Any CPU
		{195E7420-951D-4C7C-9416-096772916776}.Release|x64.ActiveCfg = Release|Any CPU
		{195E7420-951D-4C7C-9416-096772916776}.Release|x64.Build.0 = Release|Any CPU
		{195E7420-951D-4C7C-9416-096772916776}.Release|x86.ActiveCfg = Release|Any CPU
		{195E7420-951D-4C7C-9416-096772916776}.Release|x86.Build.0 = Release|Any CPU
	EndGlobalSection
	GlobalSection(SolutionProperties) = preSolution
		HideSolutionNode = FALSE
	EndGlobalSection
EndGlobal
